
Microsoft Visual Studio Solution File, Format Version 12.00
# Visual Studio Version 17
VisualStudioVersion = 17.1.32421.90
MinimumVisualStudioVersion = 10.0.40219.1
Project("{FAE04EC0-301F-11D3-BF4B-00C04F79EFBC}") = "CAD_", "CAD_\CAD_.csproj", "{F53F957B-D836-4617-89E1-57DFD3030186}"
EndProject
Global
	GlobalSection(SolutionConfigurationPlatforms) = preSolution
		Debug|Any CPU = Debug|Any CPU
		Release|Any CPU = Release|Any CPU
	EndGlobalSection
	GlobalSection(ProjectConfigurationPlatforms) = postSolution
		{F53F957B-D836-4617-89E1-57DFD3030186}.Debug|Any CPU.ActiveCfg = Debug|Any CPU
		{F53F957B-D836-4617-89E1-57DFD3030186}.Debug|Any CPU.Build.0 = Debug|Any CPU
		{F53F957B-D836-4617-89E1-57DFD3030186}.Release|Any CPU.ActiveCfg = Release|Any CPU
		{F53F957B-D836-4617-89E1-57DFD3030186}.Release|Any CPU.Build.0 = Release|Any CPU
	EndGlobalSection
	GlobalSection(SolutionProperties) = preSolution
		HideSolutionNode = FALSE
	EndGlobalSection
	GlobalSection(ExtensibilityGlobals) = postSolution
		SolutionGuid = {BB0C723E-A75F-4950-BBB9-1B207BF4363C}
	EndGlobalSection
EndGlobal
